<?xml version="1.0" encoding="utf-8"?>
<Project ToolsVersion="4.0" xmlns="http://schemas.microsoft.com/developer/msbuild/2003">
  <ItemGroup>
    <Filter Include="src">
      <UniqueIdentifier>{2DAB880B-99B4-887C-2230-9F7C8E38947C}</UniqueIdentifier>
    </Filter>
    <Filter Include="src\Headers">
      <UniqueIdentifier>{D89607A6-444C-809B-CD40-7A7239F5769F}</UniqueIdentifier>
    </Filter>
  </ItemGroup>
  <ItemGroup>
    <ClInclude Include="src\Headers\DllMacro.h">
      <Filter>src\Headers</Filter>
    </ClInclude>
    <ClInclude Include="src\Headers\GlobalFunctions.h">
      <Filter>src\Headers</Filter>
    </ClInclude>
    <ClInclude Include="src\Headers\entt.hpp">
      <Filter>src\Headers</Filter>
    </ClInclude>
    <ClInclude Include="src\Headers\stdafx.h">
      <Filter>src\Headers</Filter>
    </ClInclude>
  </ItemGroup>
  <ItemGroup>
    <ClCompile Include="src\Headers\stdafx.cpp">
      <Filter>src\Headers</Filter>
    </ClCompile>
  </ItemGroup>
  <ItemGroup>
    <None Include="..\premake5.lua" />
  </ItemGroup>
</Project>